<?xml version="1.0" encoding="utf-8"?>
<Project ToolsVersion="4.0" xmlns="http://schemas.microsoft.com/developer/msbuild/2003">
  <ItemGroup>
    <ClCompile Include="src\hollowpch.cpp" />
    <ClCompile Include="src\Hollow\Managers\RenderManager.cpp" />
    <ClCompile Include="vendor\Include\ImGui\imgui.cpp" />
    <ClCompile Include="vendor\Include\ImGui\imgui_demo.cpp" />
    <ClCompile Include="vendor\Include\ImGui\imgui_draw.cpp" />
    <ClCompile Include="vendor\Include\ImGui\imgui_impl_opengl3.cpp" />
    <ClCompile Include="vendor\Include\ImGui\imgui_impl_sdl.cpp" />
    <ClCompile Include="vendor\Include\ImGui\imgui_widgets.cpp" />
    <ClCompile Include="src\Hollow\Managers\SystemManager.cpp" />
    <ClCompile Include="src\Hollow\Systems\TempSystem.cpp" />
    <ClCompile Include="src\hollowpch.cpp" />
    <ClCompile Include="src\Hollow\Managers\RenderManager.cpp" />
    <ClCompile Include="vendor\Include\ImGui\imgui.cpp" />
    <ClCompile Include="vendor\Include\ImGui\imgui_demo.cpp" />
    <ClCompile Include="vendor\Include\ImGui\imgui_draw.cpp" />
    <ClCompile Include="vendor\Include\ImGui\imgui_impl_opengl3.cpp" />
    <ClCompile Include="vendor\Include\ImGui\imgui_impl_sdl.cpp" />
    <ClCompile Include="vendor\Include\ImGui\imgui_widgets.cpp" />
    <ClCompile Include="src\Hollow\Managers\SystemManager.cpp" />
    <ClCompile Include="src\Hollow\Systems\TempSystem.cpp" />
    <ClCompile Include="src\Hollow\Managers\InputManager.cpp" />
    <ClCompile Include="src\Hollow\Managers\GameObjectManager.cpp" />
    <ClCompile Include="src\Hollow\Managers\MemoryManager.cpp" />
    <ClCompile Include="src\Hollow\Graphics\Camera.cpp" />
    <ClCompile Include="src\Hollow\Graphics\Shader.cpp" />
    <ClCompile Include="src\Utils\Log.cpp" />
    <ClCompile Include="src\Hollow\Graphics\GameWindow.cpp" />
    <ClCompile Include="src\Hollow\Core\Application.cpp" />
    <ClCompile Include="src\Hollow\Core\GameObject.cpp" />
    <ClCompile Include="src\Hollow\Core\GameObjectFactory.cpp" />
    <ClCompile Include="src\Hollow\Components\Shape.cpp" />
    <ClCompile Include="src\Hollow\Graphics\VertexBuffer.cpp" />
    <ClCompile Include="src\Hollow\Graphics\ElementArrayBuffer.cpp" />
    <ClCompile Include="src\Hollow\Graphics\VertexArray.cpp" />
    <ClCompile Include="src\Utils\GLCall.cpp" />
    <ClCompile Include="src\Hollow\Components\TestComponent.cpp" />
  </ItemGroup>
  <ItemGroup>
    <ClCompile Include="src\hollowpch.cpp">
      <Filter>Source Files</Filter>
    </ClCompile>
    <ClCompile Include="vendor\Include\ImGui\imgui.cpp">
      <Filter>Source Files</Filter>
    </ClCompile>
    <ClCompile Include="vendor\Include\ImGui\imgui_impl_opengl3.cpp">
      <Filter>Source Files</Filter>
    </ClCompile>
    <ClCompile Include="vendor\Include\ImGui\imgui_impl_sdl.cpp">
      <Filter>Source Files</Filter>
    </ClCompile>
    <ClCompile Include="vendor\Include\ImGui\imgui_draw.cpp">
      <Filter>Source Files</Filter>
    </ClCompile>
    <ClCompile Include="vendor\Include\ImGui\imgui_widgets.cpp">
      <Filter>Source Files</Filter>
    </ClCompile>
    <ClCompile Include="vendor\Include\ImGui\imgui_demo.cpp">
      <Filter>Source Files</Filter>
    </ClCompile>
    <ClCompile Include="src\Hollow\Systems\TempSystem.cpp">
      <Filter>Source Files</Filter>
    </ClCompile>
    <ClCompile Include="src\Hollow\Managers\SystemManager.cpp">
      <Filter>Source Files</Filter>
    </ClCompile>
    <ClCompile Include="src\Hollow\Managers\RenderManager.cpp">
      <Filter>Source Files</Filter>
    </ClCompile>
  </ItemGroup>
  <ItemGroup>
    <ClInclude Include="src\hollowpch.h" />
    <ClInclude Include="src\Hollow\Events\ApplicationEvent.h" />
    <ClInclude Include="src\Hollow\Events\Event.h" />
    <ClInclude Include="src\Hollow\Events\KeyEvent.h" />
    <ClInclude Include="src\Hollow\Events\MouseEvent.h" />
    <ClInclude Include="src\Hollow.h" />
    <ClInclude Include="src\Utils\Profiler.h" />
    <ClInclude Include="src\Utils\Singleton.h" />
    <ClInclude Include="src\Utils\Test.h" />
    <ClInclude Include="src\Hollow\Managers\RenderManager.h" />
    <ClInclude Include="vendor\Include\ImGui\imconfig.h" />
    <ClInclude Include="vendor\Include\ImGui\imgui.h" />
    <ClInclude Include="vendor\Include\ImGui\imgui_impl_opengl3.h" />
    <ClInclude Include="vendor\Include\ImGui\imgui_impl_sdl.h" />
    <ClInclude Include="vendor\Include\ImGui\imgui_internal.h" />
    <ClInclude Include="vendor\Include\ImGui\imstb_rectpack.h" />
    <ClInclude Include="vendor\Include\ImGui\imstb_textedit.h" />
    <ClInclude Include="vendor\Include\ImGui\imstb_truetype.h" />
    <ClInclude Include="src\Hollow\Managers\SystemManager.h" />
    <ClInclude Include="src\Hollow\Systems\System.h" />
    <ClInclude Include="src\Hollow\Systems\TempSystem.h" />
    <ClInclude Include="src\Hollow\Managers\InputManager.h" />
    <ClInclude Include="src\hollowpch.h" />
    <ClInclude Include="src\Hollow\Application.h" />
    <ClInclude Include="src\Hollow\Core.h" />
    <ClInclude Include="src\Hollow\Events\ApplicationEvent.h" />
    <ClInclude Include="src\Hollow\Events\Event.h" />
    <ClInclude Include="src\Hollow\Events\KeyEvent.h" />
    <ClInclude Include="src\Hollow\Events\MouseEvent.h" />
    <ClInclude Include="src\Hollow.h" />
    <ClInclude Include="src\Utils\Profiler.h" />
    <ClInclude Include="src\Utils\Singleton.h" />
    <ClInclude Include="src\Utils\Test.h" />
    <ClInclude Include="src\Hollow\Managers\RenderManager.h" />
    <ClInclude Include="vendor\Include\ImGui\imconfig.h" />
    <ClInclude Include="vendor\Include\ImGui\imgui.h" />
    <ClInclude Include="vendor\Include\ImGui\imgui_impl_opengl3.h" />
    <ClInclude Include="vendor\Include\ImGui\imgui_impl_sdl.h" />
    <ClInclude Include="vendor\Include\ImGui\imgui_internal.h" />
    <ClInclude Include="vendor\Include\ImGui\imstb_rectpack.h" />
    <ClInclude Include="vendor\Include\ImGui\imstb_textedit.h" />
    <ClInclude Include="vendor\Include\ImGui\imstb_truetype.h" />
    <ClInclude Include="src\Hollow\Managers\SystemManager.h" />
    <ClInclude Include="src\Hollow\Systems\System.h" />
    <ClInclude Include="src\Hollow\Systems\TempSystem.h" />
    <ClInclude Include="src\Hollow\Components\Component.h" />
    <ClInclude Include="src\Hollow\Components\TestComponent.h" />
    <ClInclude Include="src\Hollow\Managers\GameObjectManager.h" />
    <ClInclude Include="src\Hollow\Managers\MemoryManager.h" />
    <ClInclude Include="src\hollowpch.h" />
    <ClInclude Include="src\Hollow\Graphics\Camera.h" />
    <ClInclude Include="src\Hollow\Graphics\RenderData.h" />
    <ClInclude Include="src\Hollow\Graphics\Shader.h" />
    <ClInclude Include="src\Hollow.h" />
    <ClInclude Include="src\Hollow\Managers\RenderManager.h" />
    <ClInclude Include="vendor\Include\ImGui\imconfig.h" />
    <ClInclude Include="vendor\Include\ImGui\imgui.h" />
    <ClInclude Include="vendor\Include\ImGui\imgui_impl_opengl3.h" />
    <ClInclude Include="vendor\Include\ImGui\imgui_impl_sdl.h" />
    <ClInclude Include="vendor\Include\ImGui\imgui_internal.h" />
    <ClInclude Include="vendor\Include\ImGui\imstb_rectpack.h" />
    <ClInclude Include="vendor\Include\ImGui\imstb_textedit.h" />
    <ClInclude Include="vendor\Include\ImGui\imstb_truetype.h" />
    <ClInclude Include="src\Hollow\Managers\SystemManager.h" />
    <ClInclude Include="src\Hollow\Systems\System.h" />
    <ClInclude Include="src\Hollow\Systems\TempSystem.h" />
    <ClInclude Include="src\Utils\Log.h" />
    <ClInclude Include="src\Hollow\Graphics\GameWindow.h" />
    <ClInclude Include="src\Hollow\Core\Application.h" />
    <ClInclude Include="src\Hollow\Core\Core.h" />
    <ClInclude Include="src\Hollow\Core\EntryPoint.h" />
    <ClInclude Include="src\Hollow\Core\GameObject.h" />
    <ClInclude Include="src\Hollow\Core\GameObjectFactory.h" />
    <ClInclude Include="src\Hollow\Components\Shape.h" />
    <ClInclude Include="src\Hollow\Graphics\VertexBuffer.h" />
    <ClInclude Include="src\Hollow\Graphics\ElementArrayBuffer.h" />
    <ClInclude Include="src\Hollow\Graphics\VertexArray.h" />
    <ClInclude Include="src\Utils\GLCall.h" />
    <ClInclude Include="src\Hollow\Graphics\Vertex.h" />
  </ItemGroup>
</Project>