<?xml version="1.0" encoding="utf-8"?>
<Project ToolsVersion="4.0" xmlns="http://schemas.microsoft.com/developer/msbuild/2003">
  <ItemGroup>
    <ClCompile Include="src\hollowpch.cpp" />
    <ClCompile Include="src\Hollow\Managers\RenderManager.cpp" />
    <ClCompile Include="src\Hollow\Managers\SystemManager.cpp" />
    <ClCompile Include="src\hollowpch.cpp" />
    <ClCompile Include="src\Hollow\Managers\RenderManager.cpp" />
    <ClCompile Include="vendor\Include\ImGui\imgui.cpp" />
    <ClCompile Include="vendor\Include\ImGui\imgui_demo.cpp" />
    <ClCompile Include="vendor\Include\ImGui\imgui_draw.cpp" />
    <ClCompile Include="vendor\Include\ImGui\imgui_impl_opengl3.cpp" />
    <ClCompile Include="vendor\Include\ImGui\imgui_impl_sdl.cpp" />
    <ClCompile Include="vendor\Include\ImGui\imgui_widgets.cpp" />
    <ClCompile Include="src\Hollow\Managers\SystemManager.cpp" />
    <ClCompile Include="src\Hollow\Managers\InputManager.cpp" />
    <ClCompile Include="src\Hollow\Managers\GameObjectManager.cpp" />
    <ClCompile Include="src\Hollow\Managers\MemoryManager.cpp" />
    <ClCompile Include="src\Hollow\Graphics\Shader.cpp" />
    <ClCompile Include="src\Utils\Log.cpp" />
    <ClCompile Include="src\Hollow\Graphics\GameWindow.cpp" />
    <ClCompile Include="src\Hollow\Core\Application.cpp" />
    <ClCompile Include="src\Hollow\Core\GameObject.cpp" />
    <ClCompile Include="src\Hollow\Core\GameObjectFactory.cpp" />
    <ClCompile Include="src\Hollow\Graphics\VertexBuffer.cpp" />
    <ClCompile Include="src\Hollow\Graphics\ElementArrayBuffer.cpp" />
    <ClCompile Include="src\Hollow\Graphics\VertexArray.cpp" />
    <ClCompile Include="src\Utils\GLCall.cpp" />
    <ClCompile Include="src\Hollow\Core\Layer.cpp" />
    <ClCompile Include="src\Hollow\Core\LayerStack.cpp" />
    <ClCompile Include="src\Hollow\Managers\ImGuiManager.cpp" />
    <ClCompile Include="src\Hollow\Components\Material.cpp" />
    <ClCompile Include="src\Hollow\Managers\ResourceManager.cpp" />
    <ClCompile Include="src\Hollow\Components\Transform.cpp" />
    <ClCompile Include="src\Hollow\Components\Body.cpp" />
    <ClCompile Include="src\Hollow\Systems\RenderSystem.cpp" />
    <ClCompile Include="src\Hollow\Components\Model.cpp" />
    <ClCompile Include="src\Hollow\Graphics\Mesh.cpp" />
    <ClCompile Include="src\Hollow\Graphics\Texture.cpp" />
    <ClCompile Include="vendor\Include\stbi_image\stbi_image.cpp" />
    <ClCompile Include="src\Hollow\Managers\DebugDrawManager.cpp" />
    <ClCompile Include="src\Hollow\Graphics\FrameBuffer.cpp" />
    <ClCompile Include="src\Hollow\Components\Light.cpp" />
    <ClCompile Include="src\Hollow\Systems\LightSystem.cpp" />
    <ClCompile Include="src\Hollow\Systems\CameraSystem.cpp" />
    <ClCompile Include="src\Hollow\Components\Camera.cpp" />
    <ClCompile Include="src\Hollow\Components\Collider.cpp" />
    <ClCompile Include="src\Hollow\Systems\PhysicsSystem.cpp" />
    <ClCompile Include="src\Hollow\Physics\Broadphase\DynamicAABBTree.cpp" />
    <ClCompile Include="src\Hollow\Physics\NarrowPhase\SAT.cpp" />
    <ClCompile Include="vendor\Include\ImGui\imgui.cpp" />
    <ClCompile Include="vendor\Include\ImGui\imgui_demo.cpp" />
    <ClCompile Include="vendor\Include\ImGui\imgui_draw.cpp" />
    <ClCompile Include="vendor\Include\ImGui\imgui_impl_opengl3.cpp" />
    <ClCompile Include="vendor\Include\ImGui\imgui_impl_sdl.cpp" />
    <ClCompile Include="vendor\Include\ImGui\imgui_widgets.cpp" />
    <ClCompile Include="src\Hollow\Managers\AudioManager.cpp" />
  </ItemGroup>
  <ItemGroup>
    <ClCompile Include="src\hollowpch.cpp">
      <Filter>Source Files</Filter>
    </ClCompile>
    <ClCompile Include="vendor\Include\ImGui\imgui.cpp">
      <Filter>Source Files</Filter>
    </ClCompile>
    <ClCompile Include="vendor\Include\ImGui\imgui_impl_opengl3.cpp">
      <Filter>Source Files</Filter>
    </ClCompile>
    <ClCompile Include="vendor\Include\ImGui\imgui_impl_sdl.cpp">
      <Filter>Source Files</Filter>
    </ClCompile>
    <ClCompile Include="vendor\Include\ImGui\imgui_draw.cpp">
      <Filter>Source Files</Filter>
    </ClCompile>
    <ClCompile Include="vendor\Include\ImGui\imgui_widgets.cpp">
      <Filter>Source Files</Filter>
    </ClCompile>
    <ClCompile Include="vendor\Include\ImGui\imgui_demo.cpp">
      <Filter>Source Files</Filter>
    </ClCompile>
    <ClCompile Include="src\Hollow\Managers\SystemManager.cpp">
      <Filter>Source Files</Filter>
    </ClCompile>
    <ClCompile Include="src\Hollow\Managers\RenderManager.cpp">
      <Filter>Source Files</Filter>
    </ClCompile>
  </ItemGroup>
  <ItemGroup>
    <ClInclude Include="src\hollowpch.h" />
    <ClInclude Include="src\Hollow\Events\ApplicationEvent.h" />
    <ClInclude Include="src\Hollow\Events\Event.h" />
    <ClInclude Include="src\Hollow\Events\KeyEvent.h" />
    <ClInclude Include="src\Hollow\Events\MouseEvent.h" />
    <ClInclude Include="src\Hollow.h" />
    <ClInclude Include="src\Utils\Profiler.h" />
    <ClInclude Include="src\Utils\Singleton.h" />
    <ClInclude Include="src\Utils\Test.h" />
    <ClInclude Include="src\Hollow\Managers\RenderManager.h" />
    <ClInclude Include="vendor\Include\ImGui\imconfig.h" />
    <ClInclude Include="vendor\Include\ImGui\imgui.h" />
    <ClInclude Include="vendor\Include\ImGui\imgui_impl_opengl3.h" />
    <ClInclude Include="vendor\Include\ImGui\imgui_impl_sdl.h" />
    <ClInclude Include="vendor\Include\ImGui\imgui_internal.h" />
    <ClInclude Include="vendor\Include\ImGui\imstb_rectpack.h" />
    <ClInclude Include="vendor\Include\ImGui\imstb_textedit.h" />
    <ClInclude Include="vendor\Include\ImGui\imstb_truetype.h" />
    <ClInclude Include="src\Hollow\Managers\SystemManager.h" />
    <ClInclude Include="src\Hollow\Systems\System.h" />
    <ClInclude Include="src\Hollow\Managers\InputManager.h" />
    <ClInclude Include="src\hollowpch.h" />
    <ClInclude Include="src\Hollow\Events\ApplicationEvent.h" />
    <ClInclude Include="src\Hollow\Events\Event.h" />
    <ClInclude Include="src\Hollow\Events\KeyEvent.h" />
    <ClInclude Include="src\Hollow\Events\MouseEvent.h" />
    <ClInclude Include="src\Hollow.h" />
    <ClInclude Include="src\Utils\Profiler.h" />
    <ClInclude Include="src\Utils\Singleton.h" />
    <ClInclude Include="src\Utils\Test.h" />
    <ClInclude Include="src\Hollow\Managers\RenderManager.h" />
    <ClInclude Include="vendor\Include\ImGui\imconfig.h" />
    <ClInclude Include="vendor\Include\ImGui\imgui.h" />
    <ClInclude Include="vendor\Include\ImGui\imgui_impl_opengl3.h" />
    <ClInclude Include="vendor\Include\ImGui\imgui_impl_sdl.h" />
    <ClInclude Include="vendor\Include\ImGui\imgui_internal.h" />
    <ClInclude Include="vendor\Include\ImGui\imstb_rectpack.h" />
    <ClInclude Include="vendor\Include\ImGui\imstb_textedit.h" />
    <ClInclude Include="vendor\Include\ImGui\imstb_truetype.h" />
    <ClInclude Include="src\Hollow\Managers\SystemManager.h" />
    <ClInclude Include="src\Hollow\Systems\System.h" />
    <ClInclude Include="src\Hollow\Components\Component.h" />
    <ClInclude Include="src\Hollow\Managers\GameObjectManager.h" />
    <ClInclude Include="src\Hollow\Managers\MemoryManager.h" />
    <ClInclude Include="src\hollowpch.h" />
    <ClInclude Include="src\Hollow\Graphics\Shader.h" />
    <ClInclude Include="src\Hollow.h" />
    <ClInclude Include="src\Hollow\Managers\RenderManager.h" />
    <ClInclude Include="vendor\Include\ImGui\imconfig.h" />
    <ClInclude Include="vendor\Include\ImGui\imgui.h" />
    <ClInclude Include="vendor\Include\ImGui\imgui_impl_opengl3.h" />
    <ClInclude Include="vendor\Include\ImGui\imgui_impl_sdl.h" />
    <ClInclude Include="vendor\Include\ImGui\imgui_internal.h" />
    <ClInclude Include="vendor\Include\ImGui\imstb_rectpack.h" />
    <ClInclude Include="vendor\Include\ImGui\imstb_textedit.h" />
    <ClInclude Include="vendor\Include\ImGui\imstb_truetype.h" />
    <ClInclude Include="src\Hollow\Managers\SystemManager.h" />
    <ClInclude Include="src\Hollow\Systems\System.h" />
    <ClInclude Include="src\Utils\Log.h" />
    <ClInclude Include="src\Hollow\Graphics\GameWindow.h" />
    <ClInclude Include="src\Hollow\Core\Application.h" />
    <ClInclude Include="src\Hollow\Core\Core.h" />
    <ClInclude Include="src\Hollow\Core\EntryPoint.h" />
    <ClInclude Include="src\Hollow\Core\GameObject.h" />
    <ClInclude Include="src\Hollow\Core\GameObjectFactory.h" />
    <ClInclude Include="src\Hollow\Graphics\VertexBuffer.h" />
    <ClInclude Include="src\Hollow\Graphics\ElementArrayBuffer.h" />
    <ClInclude Include="src\Hollow\Graphics\VertexArray.h" />
    <ClInclude Include="src\Utils\GLCall.h" />
    <ClInclude Include="src\Hollow\Graphics\Vertex.h" />
    <ClInclude Include="src\Hollow\Core\Layer.h" />
    <ClInclude Include="src\Hollow\Core\LayerStack.h" />
    <ClInclude Include="src\Hollow\Managers\ImGuiManager.h" />
    <ClInclude Include="src\Hollow\Components\Material.h" />
    <ClInclude Include="src\Hollow\Managers\ResourceManager.h" />
    <ClInclude Include="src\Hollow\Components\Transform.h" />
    <ClInclude Include="src\Hollow\Components\Body.h" />
    <ClInclude Include="src\Hollow\Managers\FrameRateController.h" />
    <ClInclude Include="src\Hollow\Systems\RenderSystem.h" />
    <ClInclude Include="src\Hollow\Components\Model.h" />
    <ClInclude Include="src\Hollow\Graphics\RenderData.h" />
    <ClInclude Include="src\Hollow\Graphics\Mesh.h" />
    <ClInclude Include="src\Hollow\Graphics\Texture.h" />
    <ClInclude Include="src\Hollow\Graphics\FrameBuffer.h" />
    <ClInclude Include="src\Hollow\Managers\DebugDrawManager.h" />
    <ClInclude Include="src\Hollow\Components\Light.h" />
    <ClInclude Include="src\Hollow\Systems\LightSystem.h" />
    <ClInclude Include="src\Utils\JSONHelper.h" />
    <ClInclude Include="src\Hollow\Components\Shape.h" />
    <ClInclude Include="src\Hollow\Components\Collider.h" />
    <ClInclude Include="src\Hollow\Systems\PhysicsSystem.h" />
    <ClInclude Include="src\Hollow\Physics\Broadphase\Broadphase.h" />
    <ClInclude Include="src\Hollow\Physics\Broadphase\DynamicAABBTree.h" />
    <ClInclude Include="src\Hollow\Physics\NarrowPhase\ContactManifold.h" />
    <ClInclude Include="src\Hollow\Physics\NarrowPhase\Contact.h" />
    <ClInclude Include="src\Hollow\Physics\NarrowPhase\SAT.h" />
    <ClInclude Include="src\Hollow\Physics\Resolution\Constraint.h" />
    <ClInclude Include="src\Hollow\Physics\NarrowPhase\MeshData.h" />
    <ClInclude Include="src\Hollow\Managers\AudioManager.h" />
    <ClInclude Include="src\Hollow\Systems\CameraSystem.h" />
    <ClInclude Include="src\Hollow\Components\Camera.h" />
  </ItemGroup>
</Project>